
Microsoft Visual Studio Solution File, Format Version 12.00
# Visual Studio Version 17
VisualStudioVersion = 17.3.32922.545
MinimumVisualStudioVersion = 10.0.40219.1
Project("{FAE04EC0-301F-11D3-BF4B-00C04F79EFBC}") = "formPractis", "formPractis\formPractis.csproj", "{9ED92885-DF83-4A5F-B064-5D894972B0EB}"
EndProject
Global
	GlobalSection(SolutionConfigurationPlatforms) = preSolution
		Debug|Any CPU = Debug|Any CPU
		Release|Any CPU = Release|Any CPU
	EndGlobalSection
	GlobalSection(ProjectConfigurationPlatforms) = postSolution
		{9ED92885-DF83-4A5F-B064-5D894972B0EB}.Debug|Any CPU.ActiveCfg = Debug|Any CPU
		{9ED92885-DF83-4A5F-B064-5D894972B0EB}.Debug|Any CPU.Build.0 = Debug|Any CPU
		{9ED92885-DF83-4A5F-B064-5D894972B0EB}.Release|Any CPU.ActiveCfg = Release|Any CPU
		{9ED92885-DF83-4A5F-B064-5D894972B0EB}.Release|Any CPU.Build.0 = Release|Any CPU
	EndGlobalSection
	GlobalSection(SolutionProperties) = preSolution
		HideSolutionNode = FALSE
	EndGlobalSection
	GlobalSection(ExtensibilityGlobals) = postSolution
		SolutionGuid = {F0EB3B7E-42B3-4931-B851-6CFCCB7947FB}
	EndGlobalSection
EndGlobal
